
Microsoft Visual Studio Solution File, Format Version 12.00
# Visual Studio Version 16
VisualStudioVersion = 25.0.1700.0
MinimumVisualStudioVersion = 10.0.40219.1
Project("{FAE04EC0-301F-11D3-BF4B-00C04F79EFBC}") = "DXBgaExtractScript", "DXBgaExtractScript\DXBgaExtractScript.csproj", "{53D3ABAC-F196-4ABD-9103-77A4302A6BFD}"
EndProject
Global
	GlobalSection(SolutionConfigurationPlatforms) = preSolution
		Debug|Any CPU = Debug|Any CPU
		Release|Any CPU = Release|Any CPU
	EndGlobalSection
	GlobalSection(ProjectConfigurationPlatforms) = postSolution
		{53D3ABAC-F196-4ABD-9103-77A4302A6BFD}.Debug|Any CPU.ActiveCfg = Debug|Any CPU
		{53D3ABAC-F196-4ABD-9103-77A4302A6BFD}.Debug|Any CPU.Build.0 = Debug|Any CPU
		{53D3ABAC-F196-4ABD-9103-77A4302A6BFD}.Release|Any CPU.ActiveCfg = Release|Any CPU
		{53D3ABAC-F196-4ABD-9103-77A4302A6BFD}.Release|Any CPU.Build.0 = Release|Any CPU
	EndGlobalSection
	GlobalSection(SolutionProperties) = preSolution
		HideSolutionNode = FALSE
	EndGlobalSection
	GlobalSection(ExtensibilityGlobals) = postSolution
		SolutionGuid = {EF151FBF-2801-4F33-BF4A-C7467D437AE5}
	EndGlobalSection
EndGlobal
